
Microsoft Visual Studio Solution File, Format Version 12.00
# Visual Studio 15
VisualStudioVersion = 15.0.28307.136
MinimumVisualStudioVersion = 10.0.40219.1
Project("{9A19103F-16F7-4668-BE54-9A1E7A4F7556}") = "Reloaded.Memory.Tests", "Reloaded.Memory.Tests\Reloaded.Memory.Tests.csproj", "{7F503240-976D-44EF-9DCB-5C491EDB8A04}"
EndProject
Project("{9A19103F-16F7-4668-BE54-9A1E7A4F7556}") = "Reloaded.Memory", "Reloaded.Memory\Reloaded.Memory.csproj", "{63205E76-CB23-4EA8-B58B-71A911EF3788}"
EndProject
Project("{FAE04EC0-301F-11D3-BF4B-00C04F79EFBC}") = "Reloaded.Memory.Example", "Reloaded.Memory.Example\Reloaded.Memory.Example.csproj", "{5D9694D1-D5BF-4896-A35D-D7B54A90A074}"
EndProject
Global
	GlobalSection(SolutionConfigurationPlatforms) = preSolution
		Debug|Any CPU = Debug|Any CPU
		Release|Any CPU = Release|Any CPU
	EndGlobalSection
	GlobalSection(ProjectConfigurationPlatforms) = postSolution
		{7F503240-976D-44EF-9DCB-5C491EDB8A04}.Debug|Any CPU.ActiveCfg = Debug|Any CPU
		{7F503240-976D-44EF-9DCB-5C491EDB8A04}.Debug|Any CPU.Build.0 = Debug|Any CPU
		{7F503240-976D-44EF-9DCB-5C491EDB8A04}.Release|Any CPU.ActiveCfg = Release|Any CPU
		{7F503240-976D-44EF-9DCB-5C491EDB8A04}.Release|Any CPU.Build.0 = Release|Any CPU
		{63205E76-CB23-4EA8-B58B-71A911EF3788}.Debug|Any CPU.ActiveCfg = Debug|Any CPU
		{63205E76-CB23-4EA8-B58B-71A911EF3788}.Debug|Any CPU.Build.0 = Debug|Any CPU
		{63205E76-CB23-4EA8-B58B-71A911EF3788}.Release|Any CPU.ActiveCfg = Release|Any CPU
		{63205E76-CB23-4EA8-B58B-71A911EF3788}.Release|Any CPU.Build.0 = Release|Any CPU
		{5D9694D1-D5BF-4896-A35D-D7B54A90A074}.Debug|Any CPU.ActiveCfg = Debug|Any CPU
		{5D9694D1-D5BF-4896-A35D-D7B54A90A074}.Debug|Any CPU.Build.0 = Debug|Any CPU
		{5D9694D1-D5BF-4896-A35D-D7B54A90A074}.Release|Any CPU.ActiveCfg = Release|Any CPU
		{5D9694D1-D5BF-4896-A35D-D7B54A90A074}.Release|Any CPU.Build.0 = Release|Any CPU
	EndGlobalSection
	GlobalSection(SolutionProperties) = preSolution
		HideSolutionNode = FALSE
	EndGlobalSection
	GlobalSection(ExtensibilityGlobals) = postSolution
		SolutionGuid = {AC37BD2F-63C3-4D66-A000-DB108F4709F4}
	EndGlobalSection
EndGlobal
